// !$*UTF8*$!
{
	archiveVersion = 1;
	classes = {
	};
	objectVersion = 46;
	objects = {

/* Begin PBXBuildFile section */
		002CB84417EC6F87003870E5 /* Foundation.framework in Frameworks */ = {isa = PBXBuildFile; fileRef = 002CB84317EC6F87003870E5 /* Foundation.framework */; };
		002CB84917EC6F87003870E5 /* AirTableViewController.h in CopyFiles */ = {isa = PBXBuildFile; fileRef = 002CB84817EC6F87003870E5 /* AirTableViewController.h */; };
		002CB85517EC6F88003870E5 /* UIKit.framework in Frameworks */ = {isa = PBXBuildFile; fileRef = 002CB85417EC6F88003870E5 /* UIKit.framework */; };
		002CB85617EC6F88003870E5 /* Foundation.framework in Frameworks */ = {isa = PBXBuildFile; fileRef = 002CB84317EC6F87003870E5 /* Foundation.framework */; };
		002CB85917EC6F88003870E5 /* libAirTableViewController.a in Frameworks */ = {isa = PBXBuildFile; fileRef = 002CB84017EC6F87003870E5 /* libAirTableViewController.a */; };
		002CB85F17EC6F88003870E5 /* InfoPlist.strings in Resources */ = {isa = PBXBuildFile; fileRef = 002CB85D17EC6F88003870E5 /* InfoPlist.strings */; };
		002CB86217EC6F88003870E5 /* AirTableViewControllerTests.m in Sources */ = {isa = PBXBuildFile; fileRef = 002CB86117EC6F88003870E5 /* AirTableViewControllerTests.m */; };
		002CB87517EC7016003870E5 /* AITTableViewController.m in Sources */ = {isa = PBXBuildFile; fileRef = 002CB87017EC7016003870E5 /* AITTableViewController.m */; };
		002CB87617EC7017003870E5 /* AITTableViewSection.m in Sources */ = {isa = PBXBuildFile; fileRef = 002CB87217EC7016003870E5 /* AITTableViewSection.m */; };
		003A6A601B2AD22D00E1FAD2 /* AITSettingsTableView.m in Sources */ = {isa = PBXBuildFile; fileRef = 003A6A5F1B2AD22D00E1FAD2 /* AITSettingsTableView.m */; };
		00598D6D19409DDB00203844 /* XCTest.framework in Frameworks */ = {isa = PBXBuildFile; fileRef = 00598D6C19409DDB00203844 /* XCTest.framework */; };
		00D2A04C1B2AD100009846F0 /* NSBundle+AITLoader.m in Sources */ = {isa = PBXBuildFile; fileRef = 00D2A04B1B2AD100009846F0 /* NSBundle+AITLoader.m */; };
		00D2A0511B2AD10E009846F0 /* AITSettingsViewController.m in Sources */ = {isa = PBXBuildFile; fileRef = 00D2A0501B2AD10E009846F0 /* AITSettingsViewController.m */; };
		00E12B311808062300306197 /* AITCenterAlignedHeaderView.xib in Resources */ = {isa = PBXBuildFile; fileRef = 00E12B301808062300306197 /* AITCenterAlignedHeaderView.xib */; };
		C4E3E023360D738877C40A3B /* AITChoiceCell.xib in Resources */ = {isa = PBXBuildFile; fileRef = C4E3E60411D793BDBF03F38A /* AITChoiceCell.xib */; };
		C4E3E0D752AFC6E3A002DEDB /* AITActionValue.m in Sources */ = {isa = PBXBuildFile; fileRef = C4E3EF18DD2ACBEDE112E135 /* AITActionValue.m */; };
		C4E3E19447FEE38C71A47F8B /* AITDetailsValue.m in Sources */ = {isa = PBXBuildFile; fileRef = C4E3EEE05240D931CD804BC2 /* AITDetailsValue.m */; };
		C4E3E31B217A7CD2D35B5C04 /* AITValue.m in Sources */ = {isa = PBXBuildFile; fileRef = C4E3E5ADB7A45DEE292EB888 /* AITValue.m */; };
		C4E3E3BD59DF49201652945B /* AITTableViewCell.m in Sources */ = {isa = PBXBuildFile; fileRef = C4E3E58FE4A884A91986002D /* AITTableViewCell.m */; };
		C4E3E402747763E600CB30BB /* AITHeaderFooterView.m in Sources */ = {isa = PBXBuildFile; fileRef = C4E3EFBA895D0859000968AE /* AITHeaderFooterView.m */; };
		C4E3E441D1A26551342C5268 /* AITChoiceDetailsViewControllerProvider.m in Sources */ = {isa = PBXBuildFile; fileRef = C4E3EB2A74953A5B7B50CACE /* AITChoiceDetailsViewControllerProvider.m */; };
		C4E3E52163B9D1F14E275403 /* AITPendingOperationCell.m in Sources */ = {isa = PBXBuildFile; fileRef = C4E3EE51B31DC608D34DDAA5 /* AITPendingOperationCell.m */; };
		C4E3E602D0FAC9BF49A269F7 /* UIView+AITUserInterfaceIdiom.m in Sources */ = {isa = PBXBuildFile; fileRef = C4E3E60A838440463DB69B94 /* UIView+AITUserInterfaceIdiom.m */; };
		C4E3E63856B764BF9F0E4FB3 /* AITDateCell.m in Sources */ = {isa = PBXBuildFile; fileRef = C4E3E1B9490D49A38AAC2F93 /* AITDateCell.m */; };
		C4E3E6A37DD42ADA650DC082 /* AITActionCell.m in Sources */ = {isa = PBXBuildFile; fileRef = C4E3E26450DBA5AB767DEC48 /* AITActionCell.m */; };
		C4E3E6FF645C60A82B886D9C /* AITDatePickerViewController.m in Sources */ = {isa = PBXBuildFile; fileRef = C4E3E27AEBA35A6E88A122E0 /* AITDatePickerViewController.m */; };
		C4E3E935E09569221AD33938 /* AITBoolValue.m in Sources */ = {isa = PBXBuildFile; fileRef = C4E3E832B2156FDBE7C262BA /* AITBoolValue.m */; };
		C4E3E9BBEE97CA34358A607A /* AITChoiceCell.m in Sources */ = {isa = PBXBuildFile; fileRef = C4E3E83664C57946FE6701DB /* AITChoiceCell.m */; };
		C4E3EA2A0F301CACBC7494F8 /* AITBoolCell.m in Sources */ = {isa = PBXBuildFile; fileRef = C4E3E322000CD62F09745F7C /* AITBoolCell.m */; };
		C4E3EADDD66385A358E87B13 /* AITHeaderFooterSection.m in Sources */ = {isa = PBXBuildFile; fileRef = C4E3E2809CC284FD4D7BDBB9 /* AITHeaderFooterSection.m */; };
		C4E3EB4C1997CA72CFA8C93F /* AITTextCell.m in Sources */ = {isa = PBXBuildFile; fileRef = C4E3E4C958E613943E04F11A /* AITTextCell.m */; };
		C4E3EC0766034F2CDABBF11B /* AITChoiceValue.m in Sources */ = {isa = PBXBuildFile; fileRef = C4E3E513EAA02E78D6BB2BE9 /* AITChoiceValue.m */; };
		C4E3EC23D3AEFE6DA24EC2D6 /* AITPendingOperationSection.m in Sources */ = {isa = PBXBuildFile; fileRef = C4E3EB29B6C683A84DCF342B /* AITPendingOperationSection.m */; };
		C4E3ECB307E402D7459B0E68 /* AITDetailsCell.m in Sources */ = {isa = PBXBuildFile; fileRef = C4E3E8E8185602409C4FB434 /* AITDetailsCell.m */; };
		C4E3ECE5C568F13C10B251D9 /* AITTextValue.m in Sources */ = {isa = PBXBuildFile; fileRef = C4E3E4FF01C1DEB27400F439 /* AITTextValue.m */; };
		C4E3EEA3AAD22FA7DD60E878 /* AITDateValue.m in Sources */ = {isa = PBXBuildFile; fileRef = C4E3E98EECDE333B0E493D12 /* AITDateValue.m */; };
		C4E3EF6211E85D9D65418F7F /* AITValueWithSource.m in Sources */ = {isa = PBXBuildFile; fileRef = C4E3E8ED2E5EC73BD6A96180 /* AITValueWithSource.m */; };
		C4E3EF6966181EA76518254A /* AITPendingOperationValue.m in Sources */ = {isa = PBXBuildFile; fileRef = C4E3E4215CFFC44867267DE1 /* AITPendingOperationValue.m */; };
		C4E3EF6E9D57190711DD7A9D /* AITDateDetailsViewControllerProvider.m in Sources */ = {isa = PBXBuildFile; fileRef = C4E3E68EF5C0B3C1369A8A77 /* AITDateDetailsViewControllerProvider.m */; };
		C4E3EFFF611E6D38ACC448B4 /* AITChoiceOptionSelectorViewController.m in Sources */ = {isa = PBXBuildFile; fileRef = C4E3E9D5B3F42EBDCDA52283 /* AITChoiceOptionSelectorViewController.m */; };
/* End PBXBuildFile section */

/* Begin PBXContainerItemProxy section */
		002CB85717EC6F88003870E5 /* PBXContainerItemProxy */ = {
			isa = PBXContainerItemProxy;
			containerPortal = 002CB83817EC6F87003870E5 /* Project object */;
			proxyType = 1;
			remoteGlobalIDString = 002CB83F17EC6F87003870E5;
			remoteInfo = AirTableViewController;
		};
/* End PBXContainerItemProxy section */

/* Begin PBXCopyFilesBuildPhase section */
		002CB83E17EC6F87003870E5 /* CopyFiles */ = {
			isa = PBXCopyFilesBuildPhase;
			buildActionMask = 2147483647;
			dstPath = "include/${PRODUCT_NAME}";
			dstSubfolderSpec = 16;
			files = (
				002CB84917EC6F87003870E5 /* AirTableViewController.h in CopyFiles */,
			);
			runOnlyForDeploymentPostprocessing = 0;
		};
/* End PBXCopyFilesBuildPhase section */

/* Begin PBXFileReference section */
		002CB84017EC6F87003870E5 /* libAirTableViewController.a */ = {isa = PBXFileReference; explicitFileType = archive.ar; includeInIndex = 0; path = libAirTableViewController.a; sourceTree = BUILT_PRODUCTS_DIR; };
		002CB84317EC6F87003870E5 /* Foundation.framework */ = {isa = PBXFileReference; lastKnownFileType = wrapper.framework; name = Foundation.framework; path = System/Library/Frameworks/Foundation.framework; sourceTree = SDKROOT; };
		002CB84717EC6F87003870E5 /* AirTableViewController-Prefix.pch */ = {isa = PBXFileReference; lastKnownFileType = sourcecode.c.h; path = "AirTableViewController-Prefix.pch"; sourceTree = "<group>"; };
		002CB84817EC6F87003870E5 /* AirTableViewController.h */ = {isa = PBXFileReference; lastKnownFileType = sourcecode.c.h; name = AirTableViewController.h; path = AirTableViewController/AirTableViewController.h; sourceTree = "<group>"; };
		002CB85117EC6F88003870E5 /* AirTableViewControllerTests.octest */ = {isa = PBXFileReference; explicitFileType = wrapper.cfbundle; includeInIndex = 0; path = AirTableViewControllerTests.octest; sourceTree = BUILT_PRODUCTS_DIR; };
		002CB85217EC6F88003870E5 /* SenTestingKit.framework */ = {isa = PBXFileReference; lastKnownFileType = wrapper.framework; name = SenTestingKit.framework; path = Library/Frameworks/SenTestingKit.framework; sourceTree = DEVELOPER_DIR; };
		002CB85417EC6F88003870E5 /* UIKit.framework */ = {isa = PBXFileReference; lastKnownFileType = wrapper.framework; name = UIKit.framework; path = Library/Frameworks/UIKit.framework; sourceTree = DEVELOPER_DIR; };
		002CB85C17EC6F88003870E5 /* AirTableViewControllerTests-Info.plist */ = {isa = PBXFileReference; lastKnownFileType = text.plist.xml; path = "AirTableViewControllerTests-Info.plist"; sourceTree = "<group>"; };
		002CB85E17EC6F88003870E5 /* en */ = {isa = PBXFileReference; lastKnownFileType = text.plist.strings; name = en; path = en.lproj/InfoPlist.strings; sourceTree = "<group>"; };
		002CB86017EC6F88003870E5 /* AirTableViewControllerTests.h */ = {isa = PBXFileReference; lastKnownFileType = sourcecode.c.h; path = AirTableViewControllerTests.h; sourceTree = "<group>"; };
		002CB86117EC6F88003870E5 /* AirTableViewControllerTests.m */ = {isa = PBXFileReference; lastKnownFileType = sourcecode.c.objc; path = AirTableViewControllerTests.m; sourceTree = "<group>"; };
		002CB86F17EC7016003870E5 /* AITTableViewController.h */ = {isa = PBXFileReference; fileEncoding = 4; lastKnownFileType = sourcecode.c.h; path = AITTableViewController.h; sourceTree = "<group>"; };
		002CB87017EC7016003870E5 /* AITTableViewController.m */ = {isa = PBXFileReference; fileEncoding = 4; lastKnownFileType = sourcecode.c.objc; path = AITTableViewController.m; sourceTree = "<group>"; };
		002CB87117EC7016003870E5 /* AITTableViewSection.h */ = {isa = PBXFileReference; fileEncoding = 4; lastKnownFileType = sourcecode.c.h; path = AITTableViewSection.h; sourceTree = "<group>"; };
		002CB87217EC7016003870E5 /* AITTableViewSection.m */ = {isa = PBXFileReference; fileEncoding = 4; lastKnownFileType = sourcecode.c.objc; path = AITTableViewSection.m; sourceTree = "<group>"; };
		00381FD61B29CD7F00D2A34D /* AirBuildConfig.xcconfig */ = {isa = PBXFileReference; lastKnownFileType = text.xcconfig; name = AirBuildConfig.xcconfig; path = AirBuildConfig/AirBuildConfig.xcconfig; sourceTree = SOURCE_ROOT; };
		00381FD71B29CD7F00D2A34D /* AirBuildConfigTests.xcconfig */ = {isa = PBXFileReference; lastKnownFileType = text.xcconfig; name = AirBuildConfigTests.xcconfig; path = AirBuildConfig/AirBuildConfigTests.xcconfig; sourceTree = SOURCE_ROOT; };
		00390B5119704358009AC0BD /* AITDetailsCell.xib */ = {isa = PBXFileReference; fileEncoding = 4; lastKnownFileType = file.xib; path = AITDetailsCell.xib; sourceTree = "<group>"; };
		003A6A5E1B2AD22D00E1FAD2 /* AITSettingsTableView.h */ = {isa = PBXFileReference; fileEncoding = 4; lastKnownFileType = sourcecode.c.h; path = AITSettingsTableView.h; sourceTree = "<group>"; };
		003A6A5F1B2AD22D00E1FAD2 /* AITSettingsTableView.m */ = {isa = PBXFileReference; fileEncoding = 4; lastKnownFileType = sourcecode.c.objc; path = AITSettingsTableView.m; sourceTree = "<group>"; };
		00598D6C19409DDB00203844 /* XCTest.framework */ = {isa = PBXFileReference; lastKnownFileType = wrapper.framework; name = XCTest.framework; path = Library/Frameworks/XCTest.framework; sourceTree = DEVELOPER_DIR; };
		0069E5D218ACEAA000530FDE /* AITLeftAlignedFooterView.xib */ = {isa = PBXFileReference; fileEncoding = 4; lastKnownFileType = file.xib; path = AITLeftAlignedFooterView.xib; sourceTree = "<group>"; };
		00865E2018293189005AF27C /* AITChoiceOptionSelectorViewController.xib */ = {isa = PBXFileReference; fileEncoding = 4; lastKnownFileType = file.xib; path = AITChoiceOptionSelectorViewController.xib; sourceTree = "<group>"; };
		00D2A04A1B2AD100009846F0 /* NSBundle+AITLoader.h */ = {isa = PBXFileReference; fileEncoding = 4; lastKnownFileType = sourcecode.c.h; path = "NSBundle+AITLoader.h"; sourceTree = "<group>"; };
		00D2A04B1B2AD100009846F0 /* NSBundle+AITLoader.m */ = {isa = PBXFileReference; fileEncoding = 4; lastKnownFileType = sourcecode.c.objc; path = "NSBundle+AITLoader.m"; sourceTree = "<group>"; };
		00D2A04E1B2AD10E009846F0 /* AITSettingsTableView.xib */ = {isa = PBXFileReference; fileEncoding = 4; lastKnownFileType = file.xib; path = AITSettingsTableView.xib; sourceTree = "<group>"; };
		00D2A04F1B2AD10E009846F0 /* AITSettingsViewController.h */ = {isa = PBXFileReference; fileEncoding = 4; lastKnownFileType = sourcecode.c.h; path = AITSettingsViewController.h; sourceTree = "<group>"; };
		00D2A0501B2AD10E009846F0 /* AITSettingsViewController.m */ = {isa = PBXFileReference; fileEncoding = 4; lastKnownFileType = sourcecode.c.objc; path = AITSettingsViewController.m; sourceTree = "<group>"; };
		00E12B301808062300306197 /* AITCenterAlignedHeaderView.xib */ = {isa = PBXFileReference; fileEncoding = 4; lastKnownFileType = file.xib; path = AITCenterAlignedHeaderView.xib; sourceTree = "<group>"; };
		00EB619B17F181EA002F503C /* AITLeftAlignedHeaderView.xib */ = {isa = PBXFileReference; fileEncoding = 4; lastKnownFileType = file.xib; path = AITLeftAlignedHeaderView.xib; sourceTree = "<group>"; };
		00EB619C17F181FA002F503C /* AITCenterAlignedFooterView.xib */ = {isa = PBXFileReference; fileEncoding = 4; lastKnownFileType = file.xib; path = AITCenterAlignedFooterView.xib; sourceTree = "<group>"; };
		00F6D4861B2A3ADF007E2849 /* ProjectConfig.xcconfig */ = {isa = PBXFileReference; lastKnownFileType = text.xcconfig; path = ProjectConfig.xcconfig; sourceTree = SOURCE_ROOT; };
		C4E3E0197404CC0C02D912E6 /* AITActionCell.xib */ = {isa = PBXFileReference; lastKnownFileType = file.xib; path = AITActionCell.xib; sourceTree = "<group>"; };
		C4E3E07B55DABC6B2EC565B3 /* AITChoiceCell.h */ = {isa = PBXFileReference; fileEncoding = 4; lastKnownFileType = sourcecode.c.h; path = AITChoiceCell.h; sourceTree = "<group>"; };
		C4E3E0916BB88FD7C526B948 /* AITDetailsViewControllerProvider.h */ = {isa = PBXFileReference; fileEncoding = 4; lastKnownFileType = sourcecode.c.h; path = AITDetailsViewControllerProvider.h; sourceTree = "<group>"; };
		C4E3E0D1FDB3696AB3CC228A /* AITHeaderFooterView.h */ = {isa = PBXFileReference; fileEncoding = 4; lastKnownFileType = sourcecode.c.h; path = AITHeaderFooterView.h; sourceTree = "<group>"; };
		C4E3E1668FB455AC6DB0C133 /* AITDateCell.h */ = {isa = PBXFileReference; fileEncoding = 4; lastKnownFileType = sourcecode.c.h; path = AITDateCell.h; sourceTree = "<group>"; };
		C4E3E1B9490D49A38AAC2F93 /* AITDateCell.m */ = {isa = PBXFileReference; fileEncoding = 4; lastKnownFileType = sourcecode.c.objc; path = AITDateCell.m; sourceTree = "<group>"; };
		C4E3E1FE2B2F59154EE28B14 /* AITTableViewCell+AITProtected.h */ = {isa = PBXFileReference; fileEncoding = 4; lastKnownFileType = sourcecode.c.h; path = "AITTableViewCell+AITProtected.h"; sourceTree = "<group>"; };
		C4E3E26450DBA5AB767DEC48 /* AITActionCell.m */ = {isa = PBXFileReference; fileEncoding = 4; lastKnownFileType = sourcecode.c.objc; path = AITActionCell.m; sourceTree = "<group>"; };
		C4E3E27AEBA35A6E88A122E0 /* AITDatePickerViewController.m */ = {isa = PBXFileReference; fileEncoding = 4; lastKnownFileType = sourcecode.c.objc; path = AITDatePickerViewController.m; sourceTree = "<group>"; };
		C4E3E2809CC284FD4D7BDBB9 /* AITHeaderFooterSection.m */ = {isa = PBXFileReference; fileEncoding = 4; lastKnownFileType = sourcecode.c.objc; path = AITHeaderFooterSection.m; sourceTree = "<group>"; };
		C4E3E2EA4B0E766CB36860BE /* AITTableViewCell.h */ = {isa = PBXFileReference; fileEncoding = 4; lastKnownFileType = sourcecode.c.h; path = AITTableViewCell.h; sourceTree = "<group>"; };
		C4E3E321F877CB24E6079D32 /* AITResponder.h */ = {isa = PBXFileReference; fileEncoding = 4; lastKnownFileType = sourcecode.c.h; path = AITResponder.h; sourceTree = "<group>"; };
		C4E3E322000CD62F09745F7C /* AITBoolCell.m */ = {isa = PBXFileReference; fileEncoding = 4; lastKnownFileType = sourcecode.c.objc; path = AITBoolCell.m; sourceTree = "<group>"; };
		C4E3E33BD98ABBB3E6EEAE89 /* AITPendingOperationSection.h */ = {isa = PBXFileReference; fileEncoding = 4; lastKnownFileType = sourcecode.c.h; path = AITPendingOperationSection.h; sourceTree = "<group>"; };
		C4E3E34BA82EFFDF0389A970 /* AITTextCell.h */ = {isa = PBXFileReference; fileEncoding = 4; lastKnownFileType = sourcecode.c.h; path = AITTextCell.h; sourceTree = "<group>"; };
		C4E3E37618985AFEAD0B870C /* AITValue.h */ = {isa = PBXFileReference; fileEncoding = 4; lastKnownFileType = sourcecode.c.h; path = AITValue.h; sourceTree = "<group>"; };
		C4E3E3D021668D8DDE9EF1A9 /* AITDetailsValue.h */ = {isa = PBXFileReference; fileEncoding = 4; lastKnownFileType = sourcecode.c.h; path = AITDetailsValue.h; sourceTree = "<group>"; };
		C4E3E3E49D2E38320C08CAF9 /* AITDateCell.xib */ = {isa = PBXFileReference; lastKnownFileType = file.xib; path = AITDateCell.xib; sourceTree = "<group>"; };
		C4E3E4215CFFC44867267DE1 /* AITPendingOperationValue.m */ = {isa = PBXFileReference; fileEncoding = 4; lastKnownFileType = sourcecode.c.objc; path = AITPendingOperationValue.m; sourceTree = "<group>"; };
		C4E3E42FF31F796164B07AA9 /* AITDetailsCell.h */ = {isa = PBXFileReference; fileEncoding = 4; lastKnownFileType = sourcecode.c.h; path = AITDetailsCell.h; sourceTree = "<group>"; };
		C4E3E4382189FC844ACFB54B /* AITDateValue.h */ = {isa = PBXFileReference; fileEncoding = 4; lastKnownFileType = sourcecode.c.h; path = AITDateValue.h; sourceTree = "<group>"; };
		C4E3E43A2C42CCF94489923A /* AITPendingOperationCell.h */ = {isa = PBXFileReference; fileEncoding = 4; lastKnownFileType = sourcecode.c.h; path = AITPendingOperationCell.h; sourceTree = "<group>"; };
		C4E3E4C958E613943E04F11A /* AITTextCell.m */ = {isa = PBXFileReference; fileEncoding = 4; lastKnownFileType = sourcecode.c.objc; path = AITTextCell.m; sourceTree = "<group>"; };
		C4E3E4FF01C1DEB27400F439 /* AITTextValue.m */ = {isa = PBXFileReference; fileEncoding = 4; lastKnownFileType = sourcecode.c.objc; path = AITTextValue.m; sourceTree = "<group>"; };
		C4E3E513EAA02E78D6BB2BE9 /* AITChoiceValue.m */ = {isa = PBXFileReference; fileEncoding = 4; lastKnownFileType = sourcecode.c.objc; path = AITChoiceValue.m; sourceTree = "<group>"; };
		C4E3E530F6AA78CCA389421F /* AITDatePickerViewController.xib */ = {isa = PBXFileReference; lastKnownFileType = file.xib; path = AITDatePickerViewController.xib; sourceTree = "<group>"; };
		C4E3E572D2B7B3ED366D4D05 /* AITValueWithSource+AITProtected.h */ = {isa = PBXFileReference; fileEncoding = 4; lastKnownFileType = sourcecode.c.h; path = "AITValueWithSource+AITProtected.h"; sourceTree = "<group>"; };
		C4E3E58FE4A884A91986002D /* AITTableViewCell.m */ = {isa = PBXFileReference; fileEncoding = 4; lastKnownFileType = sourcecode.c.objc; path = AITTableViewCell.m; sourceTree = "<group>"; };
		C4E3E5ADB7A45DEE292EB888 /* AITValue.m */ = {isa = PBXFileReference; fileEncoding = 4; lastKnownFileType = sourcecode.c.objc; path = AITValue.m; sourceTree = "<group>"; };
		C4E3E5CF75BF54D4C70CF8E1 /* AITPendingOperationCell.xib */ = {isa = PBXFileReference; lastKnownFileType = file.xib; path = AITPendingOperationCell.xib; sourceTree = "<group>"; };
		C4E3E60411D793BDBF03F38A /* AITChoiceCell.xib */ = {isa = PBXFileReference; lastKnownFileType = file.xib; path = AITChoiceCell.xib; sourceTree = "<group>"; };
		C4E3E60A838440463DB69B94 /* UIView+AITUserInterfaceIdiom.m */ = {isa = PBXFileReference; fileEncoding = 4; lastKnownFileType = sourcecode.c.objc; path = "UIView+AITUserInterfaceIdiom.m"; sourceTree = "<group>"; };
		C4E3E68EF5C0B3C1369A8A77 /* AITDateDetailsViewControllerProvider.m */ = {isa = PBXFileReference; fileEncoding = 4; lastKnownFileType = sourcecode.c.objc; path = AITDateDetailsViewControllerProvider.m; sourceTree = "<group>"; };
		C4E3E693897B8C7E0B30C143 /* AITBoolCell.xib */ = {isa = PBXFileReference; lastKnownFileType = file.xib; path = AITBoolCell.xib; sourceTree = "<group>"; };
		C4E3E6A9A39658C108947DCC /* AITActionCell.h */ = {isa = PBXFileReference; fileEncoding = 4; lastKnownFileType = sourcecode.c.h; path = AITActionCell.h; sourceTree = "<group>"; };
		C4E3E7839B250FBEFE85728A /* AITPendingOperationValue.h */ = {isa = PBXFileReference; fileEncoding = 4; lastKnownFileType = sourcecode.c.h; path = AITPendingOperationValue.h; sourceTree = "<group>"; };
		C4E3E7A9F2887D630668F5F4 /* AITBoolCell.h */ = {isa = PBXFileReference; fileEncoding = 4; lastKnownFileType = sourcecode.c.h; path = AITBoolCell.h; sourceTree = "<group>"; };
		C4E3E7B061338D70D1F98795 /* AITChoiceDetailsViewControllerProvider.h */ = {isa = PBXFileReference; fileEncoding = 4; lastKnownFileType = sourcecode.c.h; path = AITChoiceDetailsViewControllerProvider.h; sourceTree = "<group>"; };
		C4E3E7B0E96766927F15F113 /* AITChoiceOptionSelectorViewController.h */ = {isa = PBXFileReference; fileEncoding = 4; lastKnownFileType = sourcecode.c.h; path = AITChoiceOptionSelectorViewController.h; sourceTree = "<group>"; };
		C4E3E7F1AB5ED3BDB21DA24E /* AITTextValue.h */ = {isa = PBXFileReference; fileEncoding = 4; lastKnownFileType = sourcecode.c.h; path = AITTextValue.h; sourceTree = "<group>"; };
		C4E3E7F7AD6D708C6EF90058 /* AITChoiceOptionSelectorViewControllerDelegate.h */ = {isa = PBXFileReference; fileEncoding = 4; lastKnownFileType = sourcecode.c.h; path = AITChoiceOptionSelectorViewControllerDelegate.h; sourceTree = "<group>"; };
		C4E3E82AF6200AB01184A09E /* AITTextCell.xib */ = {isa = PBXFileReference; lastKnownFileType = file.xib; path = AITTextCell.xib; sourceTree = "<group>"; };
		C4E3E832B2156FDBE7C262BA /* AITBoolValue.m */ = {isa = PBXFileReference; fileEncoding = 4; lastKnownFileType = sourcecode.c.objc; path = AITBoolValue.m; sourceTree = "<group>"; };
		C4E3E83443E37C0901FE98CB /* AITTableViewSectionDelegate.h */ = {isa = PBXFileReference; fileEncoding = 4; lastKnownFileType = sourcecode.c.h; path = AITTableViewSectionDelegate.h; sourceTree = "<group>"; };
		C4E3E83664C57946FE6701DB /* AITChoiceCell.m */ = {isa = PBXFileReference; fileEncoding = 4; lastKnownFileType = sourcecode.c.objc; path = AITChoiceCell.m; sourceTree = "<group>"; };
		C4E3E85174E678717F030D16 /* AITHeaderFooterSection.h */ = {isa = PBXFileReference; fileEncoding = 4; lastKnownFileType = sourcecode.c.h; path = AITHeaderFooterSection.h; sourceTree = "<group>"; };
		C4E3E88EBDAC5C9E9BFDAA79 /* AITValueDelegate.h */ = {isa = PBXFileReference; fileEncoding = 4; lastKnownFileType = sourcecode.c.h; path = AITValueDelegate.h; sourceTree = "<group>"; };
		C4E3E8E8185602409C4FB434 /* AITDetailsCell.m */ = {isa = PBXFileReference; fileEncoding = 4; lastKnownFileType = sourcecode.c.objc; path = AITDetailsCell.m; sourceTree = "<group>"; };
		C4E3E8ED2E5EC73BD6A96180 /* AITValueWithSource.m */ = {isa = PBXFileReference; fileEncoding = 4; lastKnownFileType = sourcecode.c.objc; path = AITValueWithSource.m; sourceTree = "<group>"; };
		C4E3E90C66816048DC5467FC /* AITBoolValue.h */ = {isa = PBXFileReference; fileEncoding = 4; lastKnownFileType = sourcecode.c.h; path = AITBoolValue.h; sourceTree = "<group>"; };
		C4E3E92F035323DFA6F88267 /* AITValueWithSource.h */ = {isa = PBXFileReference; fileEncoding = 4; lastKnownFileType = sourcecode.c.h; path = AITValueWithSource.h; sourceTree = "<group>"; };
		C4E3E98EECDE333B0E493D12 /* AITDateValue.m */ = {isa = PBXFileReference; fileEncoding = 4; lastKnownFileType = sourcecode.c.objc; path = AITDateValue.m; sourceTree = "<group>"; };
		C4E3E9AA94D63F9B5CC9E8E1 /* AITActionValue.h */ = {isa = PBXFileReference; fileEncoding = 4; lastKnownFileType = sourcecode.c.h; path = AITActionValue.h; sourceTree = "<group>"; };
		C4E3E9B04C03DE5811AF185A /* AITDateDetailsViewControllerProvider.h */ = {isa = PBXFileReference; fileEncoding = 4; lastKnownFileType = sourcecode.c.h; path = AITDateDetailsViewControllerProvider.h; sourceTree = "<group>"; };
		C4E3E9D5B3F42EBDCDA52283 /* AITChoiceOptionSelectorViewController.m */ = {isa = PBXFileReference; fileEncoding = 4; lastKnownFileType = sourcecode.c.objc; path = AITChoiceOptionSelectorViewController.m; sourceTree = "<group>"; };
		C4E3EAF865A3D6D80358273F /* UIView+AITUserInterfaceIdiom.h */ = {isa = PBXFileReference; fileEncoding = 4; lastKnownFileType = sourcecode.c.h; path = "UIView+AITUserInterfaceIdiom.h"; sourceTree = "<group>"; };
		C4E3EB29B6C683A84DCF342B /* AITPendingOperationSection.m */ = {isa = PBXFileReference; fileEncoding = 4; lastKnownFileType = sourcecode.c.objc; path = AITPendingOperationSection.m; sourceTree = "<group>"; };
		C4E3EB2A74953A5B7B50CACE /* AITChoiceDetailsViewControllerProvider.m */ = {isa = PBXFileReference; fileEncoding = 4; lastKnownFileType = sourcecode.c.objc; path = AITChoiceDetailsViewControllerProvider.m; sourceTree = "<group>"; };
		C4E3EB2E8CA21EB744F0BECB /* AITChoiceValue.h */ = {isa = PBXFileReference; fileEncoding = 4; lastKnownFileType = sourcecode.c.h; path = AITChoiceValue.h; sourceTree = "<group>"; };
		C4E3EBBCFF6A5A0AF82FC439 /* AITTableViewSection+AITProtected.h */ = {isa = PBXFileReference; fileEncoding = 4; lastKnownFileType = sourcecode.c.h; path = "AITTableViewSection+AITProtected.h"; sourceTree = "<group>"; };
		C4E3EDEB8293665FF68141C0 /* AITDatePickerViewController.h */ = {isa = PBXFileReference; fileEncoding = 4; lastKnownFileType = sourcecode.c.h; path = AITDatePickerViewController.h; sourceTree = "<group>"; };
		C4E3EE51B31DC608D34DDAA5 /* AITPendingOperationCell.m */ = {isa = PBXFileReference; fileEncoding = 4; lastKnownFileType = sourcecode.c.objc; path = AITPendingOperationCell.m; sourceTree = "<group>"; };
		C4E3EEE05240D931CD804BC2 /* AITDetailsValue.m */ = {isa = PBXFileReference; fileEncoding = 4; lastKnownFileType = sourcecode.c.objc; path = AITDetailsValue.m; sourceTree = "<group>"; };
		C4E3EF18DD2ACBEDE112E135 /* AITActionValue.m */ = {isa = PBXFileReference; fileEncoding = 4; lastKnownFileType = sourcecode.c.objc; path = AITActionValue.m; sourceTree = "<group>"; };
		C4E3EFBA895D0859000968AE /* AITHeaderFooterView.m */ = {isa = PBXFileReference; fileEncoding = 4; lastKnownFileType = sourcecode.c.objc; path = AITHeaderFooterView.m; sourceTree = "<group>"; };
/* End PBXFileReference section */

/* Begin PBXFrameworksBuildPhase section */
		002CB83D17EC6F87003870E5 /* Frameworks */ = {
			isa = PBXFrameworksBuildPhase;
			buildActionMask = 2147483647;
			files = (
				002CB84417EC6F87003870E5 /* Foundation.framework in Frameworks */,
			);
			runOnlyForDeploymentPostprocessing = 0;
		};
		002CB84D17EC6F88003870E5 /* Frameworks */ = {
			isa = PBXFrameworksBuildPhase;
			buildActionMask = 2147483647;
			files = (
				00598D6D19409DDB00203844 /* XCTest.framework in Frameworks */,
				002CB85517EC6F88003870E5 /* UIKit.framework in Frameworks */,
				002CB85617EC6F88003870E5 /* Foundation.framework in Frameworks */,
				002CB85917EC6F88003870E5 /* libAirTableViewController.a in Frameworks */,
			);
			runOnlyForDeploymentPostprocessing = 0;
		};
/* End PBXFrameworksBuildPhase section */

/* Begin PBXGroup section */
		002CB83717EC6F87003870E5 = {
			isa = PBXGroup;
			children = (
				002CB84517EC6F87003870E5 /* AirTableViewController */,
				002CB84817EC6F87003870E5 /* AirTableViewController.h */,
				002CB85A17EC6F88003870E5 /* AirTableViewControllerTests */,
				002CB84217EC6F87003870E5 /* Frameworks */,
				002CB84117EC6F87003870E5 /* Products */,
			);
			sourceTree = "<group>";
		};
		002CB84117EC6F87003870E5 /* Products */ = {
			isa = PBXGroup;
			children = (
				002CB84017EC6F87003870E5 /* libAirTableViewController.a */,
				002CB85117EC6F88003870E5 /* AirTableViewControllerTests.octest */,
			);
			name = Products;
			sourceTree = "<group>";
		};
		002CB84217EC6F87003870E5 /* Frameworks */ = {
			isa = PBXGroup;
			children = (
				00598D6C19409DDB00203844 /* XCTest.framework */,
				002CB84317EC6F87003870E5 /* Foundation.framework */,
				002CB85217EC6F88003870E5 /* SenTestingKit.framework */,
				002CB85417EC6F88003870E5 /* UIKit.framework */,
			);
			name = Frameworks;
			sourceTree = "<group>";
		};
		002CB84517EC6F87003870E5 /* AirTableViewController */ = {
			isa = PBXGroup;
			children = (
				00D2A0491B2AD100009846F0 /* Extensions */,
				C4E3E88F8EE5A30B2EA5B18F /* HeaderFooter */,
				C4E3EA6880DEF1C6A702A372 /* Sections */,
				00D2A04D1B2AD10E009846F0 /* SettingsViewController */,
				002CB84617EC6F87003870E5 /* Supporting Files */,
				002CB86B17EC7016003870E5 /* TableView */,
				C4E3E9AF396A86A1AB8F88BA /* Values */,
			);
			path = AirTableViewController;
			sourceTree = "<group>";
		};
		002CB84617EC6F87003870E5 /* Supporting Files */ = {
			isa = PBXGroup;
			children = (
				00381FD61B29CD7F00D2A34D /* AirBuildConfig.xcconfig */,
				00381FD71B29CD7F00D2A34D /* AirBuildConfigTests.xcconfig */,
				00F6D4861B2A3ADF007E2849 /* ProjectConfig.xcconfig */,
				002CB84717EC6F87003870E5 /* AirTableViewController-Prefix.pch */,
			);
			name = "Supporting Files";
			sourceTree = "<group>";
		};
		002CB85A17EC6F88003870E5 /* AirTableViewControllerTests */ = {
			isa = PBXGroup;
			children = (
				002CB86017EC6F88003870E5 /* AirTableViewControllerTests.h */,
				002CB86117EC6F88003870E5 /* AirTableViewControllerTests.m */,
				002CB85B17EC6F88003870E5 /* Supporting Files */,
			);
			path = AirTableViewControllerTests;
			sourceTree = "<group>";
		};
		002CB85B17EC6F88003870E5 /* Supporting Files */ = {
			isa = PBXGroup;
			children = (
				002CB85C17EC6F88003870E5 /* AirTableViewControllerTests-Info.plist */,
				002CB85D17EC6F88003870E5 /* InfoPlist.strings */,
			);
			name = "Supporting Files";
			sourceTree = "<group>";
		};
		002CB86B17EC7016003870E5 /* TableView */ = {
			isa = PBXGroup;
			children = (
				C4E3E0916BB88FD7C526B948 /* AITDetailsViewControllerProvider.h */,
				C4E3E321F877CB24E6079D32 /* AITResponder.h */,
				002CB86F17EC7016003870E5 /* AITTableViewController.h */,
				002CB87017EC7016003870E5 /* AITTableViewController.m */,
				C4E3EBBCFF6A5A0AF82FC439 /* AITTableViewSection+AITProtected.h */,
				002CB87117EC7016003870E5 /* AITTableViewSection.h */,
				002CB87217EC7016003870E5 /* AITTableViewSection.m */,
				C4E3E83443E37C0901FE98CB /* AITTableViewSectionDelegate.h */,
				C4E3EAF865A3D6D80358273F /* UIView+AITUserInterfaceIdiom.h */,
				C4E3E60A838440463DB69B94 /* UIView+AITUserInterfaceIdiom.m */,
			);
			path = TableView;
			sourceTree = "<group>";
		};
		00D2A0491B2AD100009846F0 /* Extensions */ = {
			isa = PBXGroup;
			children = (
				00D2A04A1B2AD100009846F0 /* NSBundle+AITLoader.h */,
				00D2A04B1B2AD100009846F0 /* NSBundle+AITLoader.m */,
			);
			path = Extensions;
			sourceTree = "<group>";
		};
		00D2A04D1B2AD10E009846F0 /* SettingsViewController */ = {
			isa = PBXGroup;
			children = (
				003A6A5E1B2AD22D00E1FAD2 /* AITSettingsTableView.h */,
				003A6A5F1B2AD22D00E1FAD2 /* AITSettingsTableView.m */,
				00D2A04E1B2AD10E009846F0 /* AITSettingsTableView.xib */,
				00D2A04F1B2AD10E009846F0 /* AITSettingsViewController.h */,
				00D2A0501B2AD10E009846F0 /* AITSettingsViewController.m */,
			);
			path = SettingsViewController;
			sourceTree = "<group>";
		};
		C4E3E023F25B4D86603957B2 /* PendingOperation */ = {
			isa = PBXGroup;
			children = (
				C4E3E43A2C42CCF94489923A /* AITPendingOperationCell.h */,
				C4E3EE51B31DC608D34DDAA5 /* AITPendingOperationCell.m */,
				C4E3E5CF75BF54D4C70CF8E1 /* AITPendingOperationCell.xib */,
				C4E3E7839B250FBEFE85728A /* AITPendingOperationValue.h */,
				C4E3E4215CFFC44867267DE1 /* AITPendingOperationValue.m */,
			);
			path = PendingOperation;
			sourceTree = "<group>";
		};
		C4E3E05B299064E8E4EB1ACF /* Action */ = {
			isa = PBXGroup;
			children = (
				C4E3E6A9A39658C108947DCC /* AITActionCell.h */,
				C4E3E26450DBA5AB767DEC48 /* AITActionCell.m */,
				C4E3E0197404CC0C02D912E6 /* AITActionCell.xib */,
				C4E3E9AA94D63F9B5CC9E8E1 /* AITActionValue.h */,
				C4E3EF18DD2ACBEDE112E135 /* AITActionValue.m */,
			);
			path = Action;
			sourceTree = "<group>";
		};
		C4E3E5291B4C79E5C967C29B /* ValuesWithState */ = {
			isa = PBXGroup;
			children = (
				C4E3E05B299064E8E4EB1ACF /* Action */,
				C4E3E6212A8CEEBB87840B59 /* Details */,
				C4E3E023F25B4D86603957B2 /* PendingOperation */,
			);
			path = ValuesWithState;
			sourceTree = "<group>";
		};
		C4E3E6212A8CEEBB87840B59 /* Details */ = {
			isa = PBXGroup;
			children = (
				C4E3E42FF31F796164B07AA9 /* AITDetailsCell.h */,
				C4E3E8E8185602409C4FB434 /* AITDetailsCell.m */,
				00390B5119704358009AC0BD /* AITDetailsCell.xib */,
				C4E3E3D021668D8DDE9EF1A9 /* AITDetailsValue.h */,
				C4E3EEE05240D931CD804BC2 /* AITDetailsValue.m */,
			);
			path = Details;
			sourceTree = "<group>";
		};
		C4E3E703DE3B37CE6C6B4AC8 /* Choice */ = {
			isa = PBXGroup;
			children = (
				C4E3E07B55DABC6B2EC565B3 /* AITChoiceCell.h */,
				C4E3E83664C57946FE6701DB /* AITChoiceCell.m */,
				C4E3E60411D793BDBF03F38A /* AITChoiceCell.xib */,
				C4E3E7B061338D70D1F98795 /* AITChoiceDetailsViewControllerProvider.h */,
				C4E3EB2A74953A5B7B50CACE /* AITChoiceDetailsViewControllerProvider.m */,
				C4E3E7B0E96766927F15F113 /* AITChoiceOptionSelectorViewController.h */,
				C4E3E9D5B3F42EBDCDA52283 /* AITChoiceOptionSelectorViewController.m */,
				00865E2018293189005AF27C /* AITChoiceOptionSelectorViewController.xib */,
				C4E3E7F7AD6D708C6EF90058 /* AITChoiceOptionSelectorViewControllerDelegate.h */,
				C4E3EB2E8CA21EB744F0BECB /* AITChoiceValue.h */,
				C4E3E513EAA02E78D6BB2BE9 /* AITChoiceValue.m */,
			);
			path = Choice;
			sourceTree = "<group>";
		};
		C4E3E79C758676D23357048D /* Text */ = {
			isa = PBXGroup;
			children = (
				C4E3E34BA82EFFDF0389A970 /* AITTextCell.h */,
				C4E3E4C958E613943E04F11A /* AITTextCell.m */,
				C4E3E82AF6200AB01184A09E /* AITTextCell.xib */,
				C4E3E7F1AB5ED3BDB21DA24E /* AITTextValue.h */,
				C4E3E4FF01C1DEB27400F439 /* AITTextValue.m */,
			);
			path = Text;
			sourceTree = "<group>";
		};
		C4E3E88F8EE5A30B2EA5B18F /* HeaderFooter */ = {
			isa = PBXGroup;
			children = (
				00EB619C17F181FA002F503C /* AITCenterAlignedFooterView.xib */,
				00E12B301808062300306197 /* AITCenterAlignedHeaderView.xib */,
				C4E3E0D1FDB3696AB3CC228A /* AITHeaderFooterView.h */,
				C4E3EFBA895D0859000968AE /* AITHeaderFooterView.m */,
				0069E5D218ACEAA000530FDE /* AITLeftAlignedFooterView.xib */,
				00EB619B17F181EA002F503C /* AITLeftAlignedHeaderView.xib */,
			);
			path = HeaderFooter;
			sourceTree = "<group>";
		};
		C4E3E9AF396A86A1AB8F88BA /* Values */ = {
			isa = PBXGroup;
			children = (
				C4E3EACBFB64D8C51AECADC6 /* Base */,
				C4E3EECFAF5D37A3E9C07CAF /* ValuesWithDataSource */,
				C4E3E5291B4C79E5C967C29B /* ValuesWithState */,
			);
			path = Values;
			sourceTree = "<group>";
		};
		C4E3EA6880DEF1C6A702A372 /* Sections */ = {
			isa = PBXGroup;
			children = (
				C4E3E85174E678717F030D16 /* AITHeaderFooterSection.h */,
				C4E3E2809CC284FD4D7BDBB9 /* AITHeaderFooterSection.m */,
				C4E3E33BD98ABBB3E6EEAE89 /* AITPendingOperationSection.h */,
				C4E3EB29B6C683A84DCF342B /* AITPendingOperationSection.m */,
			);
			path = Sections;
			sourceTree = "<group>";
		};
		C4E3EACBFB64D8C51AECADC6 /* Base */ = {
			isa = PBXGroup;
			children = (
				C4E3E1FE2B2F59154EE28B14 /* AITTableViewCell+AITProtected.h */,
				C4E3E2EA4B0E766CB36860BE /* AITTableViewCell.h */,
				C4E3E58FE4A884A91986002D /* AITTableViewCell.m */,
				C4E3E37618985AFEAD0B870C /* AITValue.h */,
				C4E3E5ADB7A45DEE292EB888 /* AITValue.m */,
				C4E3E88EBDAC5C9E9BFDAA79 /* AITValueDelegate.h */,
				C4E3E572D2B7B3ED366D4D05 /* AITValueWithSource+AITProtected.h */,
				C4E3E92F035323DFA6F88267 /* AITValueWithSource.h */,
				C4E3E8ED2E5EC73BD6A96180 /* AITValueWithSource.m */,
			);
			path = Base;
			sourceTree = "<group>";
		};
		C4E3ECD32A652CF654AD12C1 /* Date */ = {
			isa = PBXGroup;
			children = (
				C4E3E1668FB455AC6DB0C133 /* AITDateCell.h */,
				C4E3E1B9490D49A38AAC2F93 /* AITDateCell.m */,
				C4E3E3E49D2E38320C08CAF9 /* AITDateCell.xib */,
				C4E3E9B04C03DE5811AF185A /* AITDateDetailsViewControllerProvider.h */,
				C4E3E68EF5C0B3C1369A8A77 /* AITDateDetailsViewControllerProvider.m */,
				C4E3EDEB8293665FF68141C0 /* AITDatePickerViewController.h */,
				C4E3E27AEBA35A6E88A122E0 /* AITDatePickerViewController.m */,
				C4E3E530F6AA78CCA389421F /* AITDatePickerViewController.xib */,
				C4E3E4382189FC844ACFB54B /* AITDateValue.h */,
				C4E3E98EECDE333B0E493D12 /* AITDateValue.m */,
			);
			path = Date;
			sourceTree = "<group>";
		};
		C4E3EECFAF5D37A3E9C07CAF /* ValuesWithDataSource */ = {
			isa = PBXGroup;
			children = (
				C4E3EF55EC92F8EFDD1D0B16 /* Bool */,
				C4E3E703DE3B37CE6C6B4AC8 /* Choice */,
				C4E3ECD32A652CF654AD12C1 /* Date */,
				C4E3E79C758676D23357048D /* Text */,
			);
			path = ValuesWithDataSource;
			sourceTree = "<group>";
		};
		C4E3EF55EC92F8EFDD1D0B16 /* Bool */ = {
			isa = PBXGroup;
			children = (
				C4E3E7A9F2887D630668F5F4 /* AITBoolCell.h */,
				C4E3E322000CD62F09745F7C /* AITBoolCell.m */,
				C4E3E693897B8C7E0B30C143 /* AITBoolCell.xib */,
				C4E3E90C66816048DC5467FC /* AITBoolValue.h */,
				C4E3E832B2156FDBE7C262BA /* AITBoolValue.m */,
			);
			path = Bool;
			sourceTree = "<group>";
		};
/* End PBXGroup section */

/* Begin PBXNativeTarget section */
		002CB83F17EC6F87003870E5 /* AirTableViewController */ = {
			isa = PBXNativeTarget;
			buildConfigurationList = 002CB86517EC6F88003870E5 /* Build configuration list for PBXNativeTarget "AirTableViewController" */;
			buildPhases = (
				002CB83C17EC6F87003870E5 /* Sources */,
				002CB83D17EC6F87003870E5 /* Frameworks */,
				002CB83E17EC6F87003870E5 /* CopyFiles */,
			);
			buildRules = (
			);
			dependencies = (
			);
			name = AirTableViewController;
			productName = AirTableViewController;
			productReference = 002CB84017EC6F87003870E5 /* libAirTableViewController.a */;
			productType = "com.apple.product-type.library.static";
		};
		002CB85017EC6F88003870E5 /* AirTableViewControllerTests */ = {
			isa = PBXNativeTarget;
			buildConfigurationList = 002CB86817EC6F88003870E5 /* Build configuration list for PBXNativeTarget "AirTableViewControllerTests" */;
			buildPhases = (
				002CB84C17EC6F88003870E5 /* Sources */,
				002CB84D17EC6F88003870E5 /* Frameworks */,
				002CB84E17EC6F88003870E5 /* Resources */,
				002CB84F17EC6F88003870E5 /* ShellScript */,
			);
			buildRules = (
			);
			dependencies = (
				002CB85817EC6F88003870E5 /* PBXTargetDependency */,
			);
			name = AirTableViewControllerTests;
			productName = AirTableViewControllerTests;
			productReference = 002CB85117EC6F88003870E5 /* AirTableViewControllerTests.octest */;
			productType = "com.apple.product-type.bundle.unit-test";
		};
/* End PBXNativeTarget section */

/* Begin PBXProject section */
		002CB83817EC6F87003870E5 /* Project object */ = {
			isa = PBXProject;
			attributes = {
				CLASSPREFIX = AIT;
				LastUpgradeCheck = 0460;
				ORGANIZATIONNAME = aironik;
			};
			buildConfigurationList = 002CB83B17EC6F87003870E5 /* Build configuration list for PBXProject "AirTableViewController" */;
			compatibilityVersion = "Xcode 3.2";
			developmentRegion = English;
			hasScannedForEncodings = 0;
			knownRegions = (
				en,
			);
			mainGroup = 002CB83717EC6F87003870E5;
			productRefGroup = 002CB84117EC6F87003870E5 /* Products */;
			projectDirPath = "";
			projectRoot = "";
			targets = (
				002CB83F17EC6F87003870E5 /* AirTableViewController */,
				002CB85017EC6F88003870E5 /* AirTableViewControllerTests */,
			);
		};
/* End PBXProject section */

/* Begin PBXResourcesBuildPhase section */
		002CB84E17EC6F88003870E5 /* Resources */ = {
			isa = PBXResourcesBuildPhase;
			buildActionMask = 2147483647;
			files = (
				00E12B311808062300306197 /* AITCenterAlignedHeaderView.xib in Resources */,
				002CB85F17EC6F88003870E5 /* InfoPlist.strings in Resources */,
				C4E3E023360D738877C40A3B /* AITChoiceCell.xib in Resources */,
			);
			runOnlyForDeploymentPostprocessing = 0;
		};
/* End PBXResourcesBuildPhase section */

/* Begin PBXShellScriptBuildPhase section */
		002CB84F17EC6F88003870E5 /* ShellScript */ = {
			isa = PBXShellScriptBuildPhase;
			buildActionMask = 2147483647;
			files = (
			);
			inputPaths = (
			);
			outputPaths = (
			);
			runOnlyForDeploymentPostprocessing = 0;
			shellPath = /bin/sh;
			shellScript = "# Run the unit tests in this test bundle.\n\"${SYSTEM_DEVELOPER_DIR}/Tools/RunUnitTests\"\n";
		};
/* End PBXShellScriptBuildPhase section */

/* Begin PBXSourcesBuildPhase section */
		002CB83C17EC6F87003870E5 /* Sources */ = {
			isa = PBXSourcesBuildPhase;
			buildActionMask = 2147483647;
			files = (
				002CB87517EC7016003870E5 /* AITTableViewController.m in Sources */,
				002CB87617EC7017003870E5 /* AITTableViewSection.m in Sources */,
				C4E3EC23D3AEFE6DA24EC2D6 /* AITPendingOperationSection.m in Sources */,
				C4E3EADDD66385A358E87B13 /* AITHeaderFooterSection.m in Sources */,
				C4E3E402747763E600CB30BB /* AITHeaderFooterView.m in Sources */,
				C4E3E6A37DD42ADA650DC082 /* AITActionCell.m in Sources */,
				C4E3E0D752AFC6E3A002DEDB /* AITActionValue.m in Sources */,
				C4E3E52163B9D1F14E275403 /* AITPendingOperationCell.m in Sources */,
				C4E3EF6966181EA76518254A /* AITPendingOperationValue.m in Sources */,
				00D2A04C1B2AD100009846F0 /* NSBundle+AITLoader.m in Sources */,
				C4E3EA2A0F301CACBC7494F8 /* AITBoolCell.m in Sources */,
				C4E3E935E09569221AD33938 /* AITBoolValue.m in Sources */,
				003A6A601B2AD22D00E1FAD2 /* AITSettingsTableView.m in Sources */,
				C4E3E9BBEE97CA34358A607A /* AITChoiceCell.m in Sources */,
				C4E3EC0766034F2CDABBF11B /* AITChoiceValue.m in Sources */,
				00D2A0511B2AD10E009846F0 /* AITSettingsViewController.m in Sources */,
				C4E3EFFF611E6D38ACC448B4 /* AITChoiceOptionSelectorViewController.m in Sources */,
				C4E3E63856B764BF9F0E4FB3 /* AITDateCell.m in Sources */,
				C4E3E6FF645C60A82B886D9C /* AITDatePickerViewController.m in Sources */,
				C4E3EEA3AAD22FA7DD60E878 /* AITDateValue.m in Sources */,
				C4E3EB4C1997CA72CFA8C93F /* AITTextCell.m in Sources */,
				C4E3ECE5C568F13C10B251D9 /* AITTextValue.m in Sources */,
				C4E3E31B217A7CD2D35B5C04 /* AITValue.m in Sources */,
				C4E3E3BD59DF49201652945B /* AITTableViewCell.m in Sources */,
				C4E3EF6211E85D9D65418F7F /* AITValueWithSource.m in Sources */,
				C4E3EF6E9D57190711DD7A9D /* AITDateDetailsViewControllerProvider.m in Sources */,
				C4E3E441D1A26551342C5268 /* AITChoiceDetailsViewControllerProvider.m in Sources */,
				C4E3E602D0FAC9BF49A269F7 /* UIView+AITUserInterfaceIdiom.m in Sources */,
				C4E3ECB307E402D7459B0E68 /* AITDetailsCell.m in Sources */,
				C4E3E19447FEE38C71A47F8B /* AITDetailsValue.m in Sources */,
			);
			runOnlyForDeploymentPostprocessing = 0;
		};
		002CB84C17EC6F88003870E5 /* Sources */ = {
			isa = PBXSourcesBuildPhase;
			buildActionMask = 2147483647;
			files = (
				002CB86217EC6F88003870E5 /* AirTableViewControllerTests.m in Sources */,
			);
			runOnlyForDeploymentPostprocessing = 0;
		};
/* End PBXSourcesBuildPhase section */

/* Begin PBXTargetDependency section */
		002CB85817EC6F88003870E5 /* PBXTargetDependency */ = {
			isa = PBXTargetDependency;
			target = 002CB83F17EC6F87003870E5 /* AirTableViewController */;
			targetProxy = 002CB85717EC6F88003870E5 /* PBXContainerItemProxy */;
		};
/* End PBXTargetDependency section */

/* Begin PBXVariantGroup section */
		002CB85D17EC6F88003870E5 /* InfoPlist.strings */ = {
			isa = PBXVariantGroup;
			children = (
				002CB85E17EC6F88003870E5 /* en */,
			);
			name = InfoPlist.strings;
			sourceTree = "<group>";
		};
/* End PBXVariantGroup section */

/* Begin XCBuildConfiguration section */
		002CB86317EC6F88003870E5 /* Debug */ = {
			isa = XCBuildConfiguration;
			buildSettings = {
				ALWAYS_SEARCH_USER_PATHS = NO;
				CLANG_CXX_LANGUAGE_STANDARD = "gnu++0x";
				CLANG_CXX_LIBRARY = "libc++";
				CLANG_ENABLE_OBJC_ARC = YES;
				CLANG_WARN_CONSTANT_CONVERSION = YES;
				CLANG_WARN_DOCUMENTATION_COMMENTS = YES;
				CLANG_WARN_EMPTY_BODY = YES;
				CLANG_WARN_ENUM_CONVERSION = YES;
				CLANG_WARN_INT_CONVERSION = YES;
				CLANG_WARN_OBJC_EXPLICIT_OWNERSHIP_TYPE = YES;
				CLANG_WARN_OBJC_IMPLICIT_ATOMIC_PROPERTIES = YES;
				CLANG_WARN_OBJC_IMPLICIT_RETAIN_SELF = YES;
				CLANG_WARN__DUPLICATE_METHOD_MATCH = YES;
				COPY_PHASE_STRIP = NO;
				GCC_C_LANGUAGE_STANDARD = gnu99;
				GCC_DYNAMIC_NO_PIC = NO;
				GCC_OPTIMIZATION_LEVEL = 0;
				GCC_PREPROCESSOR_DEFINITIONS = (
					"DEBUG=1",
					"$(inherited)",
				);
				GCC_SYMBOLS_PRIVATE_EXTERN = NO;
				GCC_TREAT_IMPLICIT_FUNCTION_DECLARATIONS_AS_ERRORS = YES;
				GCC_TREAT_INCOMPATIBLE_POINTER_TYPE_WARNINGS_AS_ERRORS = YES;
				GCC_TREAT_WARNINGS_AS_ERRORS = YES;
				GCC_WARN_ABOUT_MISSING_NEWLINE = YES;
				GCC_WARN_ABOUT_RETURN_TYPE = YES;
				GCC_WARN_INITIALIZER_NOT_FULLY_BRACKETED = YES;
				GCC_WARN_SHADOW = YES;
				GCC_WARN_UNDECLARED_SELECTOR = YES;
				GCC_WARN_UNINITIALIZED_AUTOS = YES;
				GCC_WARN_UNUSED_VARIABLE = YES;
				HEADER_SEARCH_PATHS = "${SRCROOT}/";
				IPHONEOS_DEPLOYMENT_TARGET = 6.0;
				ONLY_ACTIVE_ARCH = YES;
				SDKROOT = iphoneos;
			};
			name = Debug;
		};
		002CB86417EC6F88003870E5 /* AppStore */ = {
			isa = XCBuildConfiguration;
			buildSettings = {
				ALWAYS_SEARCH_USER_PATHS = NO;
				CLANG_CXX_LANGUAGE_STANDARD = "gnu++0x";
				CLANG_CXX_LIBRARY = "libc++";
				CLANG_ENABLE_OBJC_ARC = YES;
				CLANG_WARN_CONSTANT_CONVERSION = YES;
				CLANG_WARN_DOCUMENTATION_COMMENTS = YES;
				CLANG_WARN_EMPTY_BODY = YES;
				CLANG_WARN_ENUM_CONVERSION = YES;
				CLANG_WARN_INT_CONVERSION = YES;
				CLANG_WARN_OBJC_EXPLICIT_OWNERSHIP_TYPE = YES;
				CLANG_WARN_OBJC_IMPLICIT_ATOMIC_PROPERTIES = YES;
				CLANG_WARN_OBJC_IMPLICIT_RETAIN_SELF = YES;
				CLANG_WARN__DUPLICATE_METHOD_MATCH = YES;
				COPY_PHASE_STRIP = YES;
				GCC_C_LANGUAGE_STANDARD = gnu99;
				GCC_TREAT_IMPLICIT_FUNCTION_DECLARATIONS_AS_ERRORS = YES;
				GCC_TREAT_INCOMPATIBLE_POINTER_TYPE_WARNINGS_AS_ERRORS = YES;
				GCC_TREAT_WARNINGS_AS_ERRORS = YES;
				GCC_WARN_ABOUT_MISSING_NEWLINE = YES;
				GCC_WARN_ABOUT_RETURN_TYPE = YES;
				GCC_WARN_INITIALIZER_NOT_FULLY_BRACKETED = YES;
				GCC_WARN_SHADOW = YES;
				GCC_WARN_UNDECLARED_SELECTOR = YES;
				GCC_WARN_UNINITIALIZED_AUTOS = YES;
				GCC_WARN_UNUSED_VARIABLE = YES;
				HEADER_SEARCH_PATHS = "${SRCROOT}/";
				IPHONEOS_DEPLOYMENT_TARGET = 6.0;
				SDKROOT = iphoneos;
				VALIDATE_PRODUCT = YES;
			};
			name = AppStore;
		};
		002CB86617EC6F88003870E5 /* Debug */ = {
			isa = XCBuildConfiguration;
			baseConfigurationReference = 00381FD61B29CD7F00D2A34D /* AirBuildConfig.xcconfig */;
			buildSettings = {
				DSTROOT = /tmp/AirTableViewController.dst;
				GCC_PRECOMPILE_PREFIX_HEADER = YES;
				GCC_PREFIX_HEADER = "AirTableViewController/AirTableViewController-Prefix.pch";
				OTHER_LDFLAGS = "-ObjC";
				PRODUCT_NAME = "$(TARGET_NAME)";
				SKIP_INSTALL = YES;
			};
			name = Debug;
		};
		002CB86717EC6F88003870E5 /* AppStore */ = {
			isa = XCBuildConfiguration;
			baseConfigurationReference = 00381FD61B29CD7F00D2A34D /* AirBuildConfig.xcconfig */;
			buildSettings = {
				DSTROOT = /tmp/AirTableViewController.dst;
				GCC_PRECOMPILE_PREFIX_HEADER = YES;
				GCC_PREFIX_HEADER = "AirTableViewController/AirTableViewController-Prefix.pch";
				OTHER_LDFLAGS = "-ObjC";
				PRODUCT_NAME = "$(TARGET_NAME)";
				SKIP_INSTALL = YES;
			};
			name = AppStore;
		};
		002CB86917EC6F88003870E5 /* Debug */ = {
			isa = XCBuildConfiguration;
			buildSettings = {
				FRAMEWORK_SEARCH_PATHS = (
					"\"$(SDKROOT)/Developer/Library/Frameworks\"",
					"\"$(DEVELOPER_LIBRARY_DIR)/Frameworks\"",
					"$(DEVELOPER_FRAMEWORKS_DIR)",
				);
				GCC_PRECOMPILE_PREFIX_HEADER = YES;
				GCC_PREFIX_HEADER = "AirTableViewController/AirTableViewController-Prefix.pch";
				INFOPLIST_FILE = "AirTableViewControllerTests/AirTableViewControllerTests-Info.plist";
				PRODUCT_NAME = "$(TARGET_NAME)";
				WRAPPER_EXTENSION = octest;
			};
			name = Debug;
		};
		002CB86A17EC6F88003870E5 /* AppStore */ = {
			isa = XCBuildConfiguration;
			buildSettings = {
				FRAMEWORK_SEARCH_PATHS = (
					"\"$(SDKROOT)/Developer/Library/Frameworks\"",
					"\"$(DEVELOPER_LIBRARY_DIR)/Frameworks\"",
					"$(DEVELOPER_FRAMEWORKS_DIR)",
				);
				GCC_PRECOMPILE_PREFIX_HEADER = YES;
				GCC_PREFIX_HEADER = "AirTableViewController/AirTableViewController-Prefix.pch";
				INFOPLIST_FILE = "AirTableViewControllerTests/AirTableViewControllerTests-Info.plist";
				PRODUCT_NAME = "$(TARGET_NAME)";
				WRAPPER_EXTENSION = octest;
			};
			name = AppStore;
		};
		00381FDB1B29CE4D00D2A34D /* AdHoc */ = {
			isa = XCBuildConfiguration;
			buildSettings = {
				ALWAYS_SEARCH_USER_PATHS = NO;
				CLANG_CXX_LANGUAGE_STANDARD = "gnu++0x";
				CLANG_CXX_LIBRARY = "libc++";
				CLANG_ENABLE_OBJC_ARC = YES;
				CLANG_WARN_CONSTANT_CONVERSION = YES;
				CLANG_WARN_DOCUMENTATION_COMMENTS = YES;
				CLANG_WARN_EMPTY_BODY = YES;
				CLANG_WARN_ENUM_CONVERSION = YES;
				CLANG_WARN_INT_CONVERSION = YES;
				CLANG_WARN_OBJC_EXPLICIT_OWNERSHIP_TYPE = YES;
				CLANG_WARN_OBJC_IMPLICIT_ATOMIC_PROPERTIES = YES;
				CLANG_WARN_OBJC_IMPLICIT_RETAIN_SELF = YES;
				CLANG_WARN__DUPLICATE_METHOD_MATCH = YES;
				COPY_PHASE_STRIP = YES;
				GCC_C_LANGUAGE_STANDARD = gnu99;
				GCC_TREAT_IMPLICIT_FUNCTION_DECLARATIONS_AS_ERRORS = YES;
				GCC_TREAT_INCOMPATIBLE_POINTER_TYPE_WARNINGS_AS_ERRORS = YES;
				GCC_TREAT_WARNINGS_AS_ERRORS = YES;
				GCC_WARN_ABOUT_MISSING_NEWLINE = YES;
				GCC_WARN_ABOUT_RETURN_TYPE = YES;
				GCC_WARN_INITIALIZER_NOT_FULLY_BRACKETED = YES;
				GCC_WARN_SHADOW = YES;
				GCC_WARN_UNDECLARED_SELECTOR = YES;
				GCC_WARN_UNINITIALIZED_AUTOS = YES;
				GCC_WARN_UNUSED_VARIABLE = YES;
				HEADER_SEARCH_PATHS = "${SRCROOT}/";
				IPHONEOS_DEPLOYMENT_TARGET = 6.0;
				SDKROOT = iphoneos;
				VALIDATE_PRODUCT = YES;
			};
			name = AdHoc;
		};
		00381FDC1B29CE4D00D2A34D /* AdHoc */ = {
			isa = XCBuildConfiguration;
			baseConfigurationReference = 00381FD61B29CD7F00D2A34D /* AirBuildConfig.xcconfig */;
			buildSettings = {
				DSTROOT = /tmp/AirTableViewController.dst;
				GCC_PRECOMPILE_PREFIX_HEADER = YES;
				GCC_PREFIX_HEADER = "AirTableViewController/AirTableViewController-Prefix.pch";
				OTHER_LDFLAGS = "-ObjC";
				PRODUCT_NAME = "$(TARGET_NAME)";
				SKIP_INSTALL = YES;
			};
			name = AdHoc;
		};
		00381FDD1B29CE4D00D2A34D /* AdHoc */ = {
			isa = XCBuildConfiguration;
			buildSettings = {
				FRAMEWORK_SEARCH_PATHS = (
					"\"$(SDKROOT)/Developer/Library/Frameworks\"",
					"\"$(DEVELOPER_LIBRARY_DIR)/Frameworks\"",
					"$(DEVELOPER_FRAMEWORKS_DIR)",
				);
				GCC_PRECOMPILE_PREFIX_HEADER = YES;
				GCC_PREFIX_HEADER = "AirTableViewController/AirTableViewController-Prefix.pch";
				INFOPLIST_FILE = "AirTableViewControllerTests/AirTableViewControllerTests-Info.plist";
				PRODUCT_NAME = "$(TARGET_NAME)";
				WRAPPER_EXTENSION = octest;
			};
			name = AdHoc;
		};
/* End XCBuildConfiguration section */

/* Begin XCConfigurationList section */
		002CB83B17EC6F87003870E5 /* Build configuration list for PBXProject "AirTableViewController" */ = {
			isa = XCConfigurationList;
			buildConfigurations = (
				002CB86317EC6F88003870E5 /* Debug */,
				002CB86417EC6F88003870E5 /* AppStore */,
				00381FDB1B29CE4D00D2A34D /* AdHoc */,
			);
			defaultConfigurationIsVisible = 0;
			defaultConfigurationName = AppStore;
		};
		002CB86517EC6F88003870E5 /* Build configuration list for PBXNativeTarget "AirTableViewController" */ = {
			isa = XCConfigurationList;
			buildConfigurations = (
				002CB86617EC6F88003870E5 /* Debug */,
				002CB86717EC6F88003870E5 /* AppStore */,
				00381FDC1B29CE4D00D2A34D /* AdHoc */,
			);
			defaultConfigurationIsVisible = 0;
			defaultConfigurationName = AppStore;
		};
		002CB86817EC6F88003870E5 /* Build configuration list for PBXNativeTarget "AirTableViewControllerTests" */ = {
			isa = XCConfigurationList;
			buildConfigurations = (
				002CB86917EC6F88003870E5 /* Debug */,
				002CB86A17EC6F88003870E5 /* AppStore */,
				00381FDD1B29CE4D00D2A34D /* AdHoc */,
			);
			defaultConfigurationIsVisible = 0;
			defaultConfigurationName = AppStore;
		};
/* End XCConfigurationList section */
	};
	rootObject = 002CB83817EC6F87003870E5 /* Project object */;
}
