// !$*UTF8*$!
{
	archiveVersion = 1;
	classes = {
	};
	objectVersion = 46;
	objects = {

/* Begin PBXBuildFile section */
		000D48541B29A65E00F0473D /* AirSettingsViewController.h in CopyFiles */ = {isa = PBXBuildFile; fileRef = 000D48531B29A65E00F0473D /* AirSettingsViewController.h */; };
		000D48561B29A65E00F0473D /* AirSettingsViewController.m in Sources */ = {isa = PBXBuildFile; fileRef = 000D48551B29A65E00F0473D /* AirSettingsViewController.m */; };
		000D485C1B29A65E00F0473D /* libAirSettingsViewController.a in Frameworks */ = {isa = PBXBuildFile; fileRef = 000D48501B29A65E00F0473D /* libAirSettingsViewController.a */; };
/* End PBXBuildFile section */

/* Begin PBXContainerItemProxy section */
		000D485D1B29A65E00F0473D /* PBXContainerItemProxy */ = {
			isa = PBXContainerItemProxy;
			containerPortal = 000D48481B29A65E00F0473D /* Project object */;
			proxyType = 1;
			remoteGlobalIDString = 000D484F1B29A65E00F0473D;
			remoteInfo = AirSettingsViewController;
		};
/* End PBXContainerItemProxy section */

/* Begin PBXCopyFilesBuildPhase section */
		000D484E1B29A65E00F0473D /* CopyFiles */ = {
			isa = PBXCopyFilesBuildPhase;
			buildActionMask = 2147483647;
			dstPath = "include/$(PRODUCT_NAME)";
			dstSubfolderSpec = 16;
			files = (
				000D48541B29A65E00F0473D /* AirSettingsViewController.h in CopyFiles */,
			);
			runOnlyForDeploymentPostprocessing = 0;
		};
/* End PBXCopyFilesBuildPhase section */

/* Begin PBXFileReference section */
		000D48501B29A65E00F0473D /* libAirSettingsViewController.a */ = {isa = PBXFileReference; explicitFileType = archive.ar; includeInIndex = 0; path = libAirSettingsViewController.a; sourceTree = BUILT_PRODUCTS_DIR; };
		000D48531B29A65E00F0473D /* AirSettingsViewController.h */ = {isa = PBXFileReference; lastKnownFileType = sourcecode.c.h; path = AirSettingsViewController.h; sourceTree = "<group>"; };
		000D48551B29A65E00F0473D /* AirSettingsViewController.m */ = {isa = PBXFileReference; lastKnownFileType = sourcecode.c.objc; path = AirSettingsViewController.m; sourceTree = "<group>"; };
		000D485B1B29A65E00F0473D /* AirSettingsViewControllerTests.xctest */ = {isa = PBXFileReference; explicitFileType = wrapper.cfbundle; includeInIndex = 0; path = AirSettingsViewControllerTests.xctest; sourceTree = BUILT_PRODUCTS_DIR; };
		000D48611B29A65E00F0473D /* Info.plist */ = {isa = PBXFileReference; lastKnownFileType = text.plist.xml; path = Info.plist; sourceTree = "<group>"; };
		000D486A1B29A7B200F0473D /* AirSettingsViewController-Prefix.pch */ = {isa = PBXFileReference; fileEncoding = 4; lastKnownFileType = sourcecode.c.h; path = "AirSettingsViewController-Prefix.pch"; sourceTree = "<group>"; };
		000D487A1B29BAA800F0473D /* AirBuildConfig.xcconfig */ = {isa = PBXFileReference; fileEncoding = 4; lastKnownFileType = text.xcconfig; name = AirBuildConfig.xcconfig; path = AirBuildConfig/AirBuildConfig.xcconfig; sourceTree = SOURCE_ROOT; };
		000D488B1B29BC0300F0473D /* Project.xcconfig */ = {isa = PBXFileReference; lastKnownFileType = text.xcconfig; path = Project.xcconfig; sourceTree = "<group>"; };
		00381FD81B29CDA600D2A34D /* AirBuildConfigTests.xcconfig */ = {isa = PBXFileReference; lastKnownFileType = text.xcconfig; name = AirBuildConfigTests.xcconfig; path = AirBuildConfig/AirBuildConfigTests.xcconfig; sourceTree = SOURCE_ROOT; };
/* End PBXFileReference section */

/* Begin PBXFrameworksBuildPhase section */
		000D484D1B29A65E00F0473D /* Frameworks */ = {
			isa = PBXFrameworksBuildPhase;
			buildActionMask = 2147483647;
			files = (
			);
			runOnlyForDeploymentPostprocessing = 0;
		};
		000D48581B29A65E00F0473D /* Frameworks */ = {
			isa = PBXFrameworksBuildPhase;
			buildActionMask = 2147483647;
			files = (
				000D485C1B29A65E00F0473D /* libAirSettingsViewController.a in Frameworks */,
			);
			runOnlyForDeploymentPostprocessing = 0;
		};
/* End PBXFrameworksBuildPhase section */

/* Begin PBXGroup section */
		000D48471B29A65E00F0473D = {
			isa = PBXGroup;
			children = (
				000D48521B29A65E00F0473D /* AirSettingsViewController */,
				000D485F1B29A65E00F0473D /* AirSettingsViewControllerTests */,
				000D48511B29A65E00F0473D /* Products */,
			);
			sourceTree = "<group>";
		};
		000D48511B29A65E00F0473D /* Products */ = {
			isa = PBXGroup;
			children = (
				000D48501B29A65E00F0473D /* libAirSettingsViewController.a */,
				000D485B1B29A65E00F0473D /* AirSettingsViewControllerTests.xctest */,
			);
			name = Products;
			sourceTree = "<group>";
		};
		000D48521B29A65E00F0473D /* AirSettingsViewController */ = {
			isa = PBXGroup;
			children = (
				000D486B1B29A7D700F0473D /* Supporting Files */,
				000D48531B29A65E00F0473D /* AirSettingsViewController.h */,
				000D48551B29A65E00F0473D /* AirSettingsViewController.m */,
			);
			path = AirSettingsViewController;
			sourceTree = "<group>";
		};
		000D485F1B29A65E00F0473D /* AirSettingsViewControllerTests */ = {
			isa = PBXGroup;
			children = (
				000D48601B29A65E00F0473D /* Supporting Files */,
			);
			path = AirSettingsViewControllerTests;
			sourceTree = "<group>";
		};
		000D48601B29A65E00F0473D /* Supporting Files */ = {
			isa = PBXGroup;
			children = (
				000D48611B29A65E00F0473D /* Info.plist */,
			);
			name = "Supporting Files";
			sourceTree = "<group>";
		};
		000D486B1B29A7D700F0473D /* Supporting Files */ = {
			isa = PBXGroup;
			children = (
				000D486A1B29A7B200F0473D /* AirSettingsViewController-Prefix.pch */,
				000D487A1B29BAA800F0473D /* AirBuildConfig.xcconfig */,
				00381FD81B29CDA600D2A34D /* AirBuildConfigTests.xcconfig */,
				000D488B1B29BC0300F0473D /* Project.xcconfig */,
			);
			name = "Supporting Files";
			sourceTree = "<group>";
		};
/* End PBXGroup section */

/* Begin PBXNativeTarget section */
		000D484F1B29A65E00F0473D /* AirSettingsViewController */ = {
			isa = PBXNativeTarget;
			buildConfigurationList = 000D48641B29A65E00F0473D /* Build configuration list for PBXNativeTarget "AirSettingsViewController" */;
			buildPhases = (
				000D484C1B29A65E00F0473D /* Sources */,
				000D484D1B29A65E00F0473D /* Frameworks */,
				000D484E1B29A65E00F0473D /* CopyFiles */,
			);
			buildRules = (
			);
			dependencies = (
			);
			name = AirSettingsViewController;
			productName = AirSettingsViewController;
			productReference = 000D48501B29A65E00F0473D /* libAirSettingsViewController.a */;
			productType = "com.apple.product-type.library.static";
		};
		000D485A1B29A65E00F0473D /* AirSettingsViewControllerTests */ = {
			isa = PBXNativeTarget;
			buildConfigurationList = 000D48671B29A65E00F0473D /* Build configuration list for PBXNativeTarget "AirSettingsViewControllerTests" */;
			buildPhases = (
				000D48571B29A65E00F0473D /* Sources */,
				000D48581B29A65E00F0473D /* Frameworks */,
				000D48591B29A65E00F0473D /* Resources */,
			);
			buildRules = (
			);
			dependencies = (
				000D485E1B29A65E00F0473D /* PBXTargetDependency */,
			);
			name = AirSettingsViewControllerTests;
			productName = AirSettingsViewControllerTests;
			productReference = 000D485B1B29A65E00F0473D /* AirSettingsViewControllerTests.xctest */;
			productType = "com.apple.product-type.bundle.unit-test";
		};
/* End PBXNativeTarget section */

/* Begin PBXProject section */
		000D48481B29A65E00F0473D /* Project object */ = {
			isa = PBXProject;
			attributes = {
				LastUpgradeCheck = 0630;
				ORGANIZATIONNAME = aironik;
				TargetAttributes = {
					000D484F1B29A65E00F0473D = {
						CreatedOnToolsVersion = 6.3.2;
					};
					000D485A1B29A65E00F0473D = {
						CreatedOnToolsVersion = 6.3.2;
					};
				};
			};
			buildConfigurationList = 000D484B1B29A65E00F0473D /* Build configuration list for PBXProject "AirSettingsViewController" */;
			compatibilityVersion = "Xcode 3.2";
			developmentRegion = English;
			hasScannedForEncodings = 0;
			knownRegions = (
				en,
			);
			mainGroup = 000D48471B29A65E00F0473D;
			productRefGroup = 000D48511B29A65E00F0473D /* Products */;
			projectDirPath = "";
			projectRoot = "";
			targets = (
				000D484F1B29A65E00F0473D /* AirSettingsViewController */,
				000D485A1B29A65E00F0473D /* AirSettingsViewControllerTests */,
			);
		};
/* End PBXProject section */

/* Begin PBXResourcesBuildPhase section */
		000D48591B29A65E00F0473D /* Resources */ = {
			isa = PBXResourcesBuildPhase;
			buildActionMask = 2147483647;
			files = (
			);
			runOnlyForDeploymentPostprocessing = 0;
		};
/* End PBXResourcesBuildPhase section */

/* Begin PBXSourcesBuildPhase section */
		000D484C1B29A65E00F0473D /* Sources */ = {
			isa = PBXSourcesBuildPhase;
			buildActionMask = 2147483647;
			files = (
				000D48561B29A65E00F0473D /* AirSettingsViewController.m in Sources */,
			);
			runOnlyForDeploymentPostprocessing = 0;
		};
		000D48571B29A65E00F0473D /* Sources */ = {
			isa = PBXSourcesBuildPhase;
			buildActionMask = 2147483647;
			files = (
			);
			runOnlyForDeploymentPostprocessing = 0;
		};
/* End PBXSourcesBuildPhase section */

/* Begin PBXTargetDependency section */
		000D485E1B29A65E00F0473D /* PBXTargetDependency */ = {
			isa = PBXTargetDependency;
			target = 000D484F1B29A65E00F0473D /* AirSettingsViewController */;
			targetProxy = 000D485D1B29A65E00F0473D /* PBXContainerItemProxy */;
		};
/* End PBXTargetDependency section */

/* Begin XCBuildConfiguration section */
		000D48621B29A65E00F0473D /* Debug */ = {
			isa = XCBuildConfiguration;
			buildSettings = {
				ALWAYS_SEARCH_USER_PATHS = NO;
				CLANG_CXX_LANGUAGE_STANDARD = "gnu++0x";
				CLANG_CXX_LIBRARY = "libc++";
				CLANG_ENABLE_MODULES = YES;
				CLANG_ENABLE_OBJC_ARC = YES;
				CLANG_WARN_BOOL_CONVERSION = YES;
				CLANG_WARN_CONSTANT_CONVERSION = YES;
				CLANG_WARN_DIRECT_OBJC_ISA_USAGE = YES_ERROR;
				CLANG_WARN_DOCUMENTATION_COMMENTS = YES;
				CLANG_WARN_EMPTY_BODY = YES;
				CLANG_WARN_ENUM_CONVERSION = YES;
				CLANG_WARN_INT_CONVERSION = YES;
				CLANG_WARN_OBJC_EXPLICIT_OWNERSHIP_TYPE = YES;
				CLANG_WARN_OBJC_IMPLICIT_ATOMIC_PROPERTIES = YES;
				CLANG_WARN_OBJC_IMPLICIT_RETAIN_SELF = YES;
				CLANG_WARN_OBJC_ROOT_CLASS = YES_ERROR;
				CLANG_WARN_UNREACHABLE_CODE = YES;
				CLANG_WARN__DUPLICATE_METHOD_MATCH = YES;
				COPY_PHASE_STRIP = NO;
				DEBUG_INFORMATION_FORMAT = "dwarf-with-dsym";
				ENABLE_STRICT_OBJC_MSGSEND = YES;
				GCC_C_LANGUAGE_STANDARD = gnu99;
				GCC_DYNAMIC_NO_PIC = NO;
				GCC_NO_COMMON_BLOCKS = YES;
				GCC_OPTIMIZATION_LEVEL = 0;
				GCC_PREPROCESSOR_DEFINITIONS = (
					"DEBUG=1",
					"$(inherited)",
				);
				GCC_SYMBOLS_PRIVATE_EXTERN = NO;
				GCC_TREAT_IMPLICIT_FUNCTION_DECLARATIONS_AS_ERRORS = YES;
				GCC_TREAT_INCOMPATIBLE_POINTER_TYPE_WARNINGS_AS_ERRORS = YES;
				GCC_TREAT_WARNINGS_AS_ERRORS = YES;
				GCC_WARN_64_TO_32_BIT_CONVERSION = YES;
				GCC_WARN_ABOUT_MISSING_NEWLINE = YES;
				GCC_WARN_ABOUT_RETURN_TYPE = YES_ERROR;
				GCC_WARN_INITIALIZER_NOT_FULLY_BRACKETED = YES;
				GCC_WARN_MISSING_PARENTHESES = YES;
				GCC_WARN_SHADOW = YES;
				GCC_WARN_UNDECLARED_SELECTOR = YES;
				GCC_WARN_UNINITIALIZED_AUTOS = YES_AGGRESSIVE;
				GCC_WARN_UNUSED_FUNCTION = YES;
				GCC_WARN_UNUSED_VARIABLE = YES;
				HEADER_SEARCH_PATHS = (
					"$(inherited)",
					/Applications/Xcode.app/Contents/Developer/Toolchains/XcodeDefault.xctoolchain/usr/include,
					"${SRCROOT}/",
				);
				IPHONEOS_DEPLOYMENT_TARGET = 6.0;
				MTL_ENABLE_DEBUG_INFO = YES;
				ONLY_ACTIVE_ARCH = YES;
				SDKROOT = iphoneos;
			};
			name = Debug;
		};
		000D48631B29A65E00F0473D /* AppStore */ = {
			isa = XCBuildConfiguration;
			buildSettings = {
				ALWAYS_SEARCH_USER_PATHS = NO;
				CLANG_CXX_LANGUAGE_STANDARD = "gnu++0x";
				CLANG_CXX_LIBRARY = "libc++";
				CLANG_ENABLE_MODULES = YES;
				CLANG_ENABLE_OBJC_ARC = YES;
				CLANG_WARN_BOOL_CONVERSION = YES;
				CLANG_WARN_CONSTANT_CONVERSION = YES;
				CLANG_WARN_DIRECT_OBJC_ISA_USAGE = YES_ERROR;
				CLANG_WARN_DOCUMENTATION_COMMENTS = YES;
				CLANG_WARN_EMPTY_BODY = YES;
				CLANG_WARN_ENUM_CONVERSION = YES;
				CLANG_WARN_INT_CONVERSION = YES;
				CLANG_WARN_OBJC_EXPLICIT_OWNERSHIP_TYPE = YES;
				CLANG_WARN_OBJC_IMPLICIT_ATOMIC_PROPERTIES = YES;
				CLANG_WARN_OBJC_IMPLICIT_RETAIN_SELF = YES;
				CLANG_WARN_OBJC_ROOT_CLASS = YES_ERROR;
				CLANG_WARN_UNREACHABLE_CODE = YES;
				CLANG_WARN__DUPLICATE_METHOD_MATCH = YES;
				COPY_PHASE_STRIP = YES;
				DEBUG_INFORMATION_FORMAT = "dwarf-with-dsym";
				ENABLE_NS_ASSERTIONS = NO;
				ENABLE_STRICT_OBJC_MSGSEND = YES;
				GCC_C_LANGUAGE_STANDARD = gnu99;
				GCC_NO_COMMON_BLOCKS = YES;
				GCC_TREAT_IMPLICIT_FUNCTION_DECLARATIONS_AS_ERRORS = YES;
				GCC_TREAT_INCOMPATIBLE_POINTER_TYPE_WARNINGS_AS_ERRORS = YES;
				GCC_TREAT_WARNINGS_AS_ERRORS = YES;
				GCC_WARN_64_TO_32_BIT_CONVERSION = YES;
				GCC_WARN_ABOUT_MISSING_NEWLINE = YES;
				GCC_WARN_ABOUT_RETURN_TYPE = YES_ERROR;
				GCC_WARN_INITIALIZER_NOT_FULLY_BRACKETED = YES;
				GCC_WARN_MISSING_PARENTHESES = YES;
				GCC_WARN_SHADOW = YES;
				GCC_WARN_UNDECLARED_SELECTOR = YES;
				GCC_WARN_UNINITIALIZED_AUTOS = YES_AGGRESSIVE;
				GCC_WARN_UNUSED_FUNCTION = YES;
				GCC_WARN_UNUSED_VARIABLE = YES;
				HEADER_SEARCH_PATHS = (
					"$(inherited)",
					/Applications/Xcode.app/Contents/Developer/Toolchains/XcodeDefault.xctoolchain/usr/include,
					"${SRCROOT}/",
				);
				IPHONEOS_DEPLOYMENT_TARGET = 6.0;
				MTL_ENABLE_DEBUG_INFO = NO;
				SDKROOT = iphoneos;
				VALIDATE_PRODUCT = YES;
			};
			name = AppStore;
		};
		000D48651B29A65E00F0473D /* Debug */ = {
			isa = XCBuildConfiguration;
			baseConfigurationReference = 000D487A1B29BAA800F0473D /* AirBuildConfig.xcconfig */;
			buildSettings = {
				GCC_PRECOMPILE_PREFIX_HEADER = YES;
				PRODUCT_NAME = "$(TARGET_NAME)";
				SKIP_INSTALL = YES;
			};
			name = Debug;
		};
		000D48661B29A65E00F0473D /* AppStore */ = {
			isa = XCBuildConfiguration;
			baseConfigurationReference = 000D487A1B29BAA800F0473D /* AirBuildConfig.xcconfig */;
			buildSettings = {
				GCC_PRECOMPILE_PREFIX_HEADER = YES;
				PRODUCT_NAME = "$(TARGET_NAME)";
				SKIP_INSTALL = YES;
			};
			name = AppStore;
		};
		000D48681B29A65E00F0473D /* Debug */ = {
			isa = XCBuildConfiguration;
			buildSettings = {
				"CODE_SIGN_IDENTITY[sdk=iphoneos*]" = "iPhone Developer";
				FRAMEWORK_SEARCH_PATHS = (
					"$(SDKROOT)/Developer/Library/Frameworks",
					"$(inherited)",
				);
				GCC_PREPROCESSOR_DEFINITIONS = (
					"DEBUG=1",
					"$(inherited)",
				);
				INFOPLIST_FILE = AirSettingsViewControllerTests/Info.plist;
				LD_RUNPATH_SEARCH_PATHS = "$(inherited) @executable_path/Frameworks @loader_path/Frameworks";
				PRODUCT_NAME = "$(TARGET_NAME)";
			};
			name = Debug;
		};
		000D48691B29A65E00F0473D /* AppStore */ = {
			isa = XCBuildConfiguration;
			buildSettings = {
				"CODE_SIGN_IDENTITY[sdk=iphoneos*]" = "iPhone Developer";
				FRAMEWORK_SEARCH_PATHS = (
					"$(SDKROOT)/Developer/Library/Frameworks",
					"$(inherited)",
				);
				INFOPLIST_FILE = AirSettingsViewControllerTests/Info.plist;
				LD_RUNPATH_SEARCH_PATHS = "$(inherited) @executable_path/Frameworks @loader_path/Frameworks";
				PRODUCT_NAME = "$(TARGET_NAME)";
			};
			name = AppStore;
		};
		000D48751B29BA8400F0473D /* AdHoc */ = {
			isa = XCBuildConfiguration;
			buildSettings = {
				ALWAYS_SEARCH_USER_PATHS = NO;
				CLANG_CXX_LANGUAGE_STANDARD = "gnu++0x";
				CLANG_CXX_LIBRARY = "libc++";
				CLANG_ENABLE_MODULES = YES;
				CLANG_ENABLE_OBJC_ARC = YES;
				CLANG_WARN_BOOL_CONVERSION = YES;
				CLANG_WARN_CONSTANT_CONVERSION = YES;
				CLANG_WARN_DIRECT_OBJC_ISA_USAGE = YES_ERROR;
				CLANG_WARN_DOCUMENTATION_COMMENTS = YES;
				CLANG_WARN_EMPTY_BODY = YES;
				CLANG_WARN_ENUM_CONVERSION = YES;
				CLANG_WARN_INT_CONVERSION = YES;
				CLANG_WARN_OBJC_EXPLICIT_OWNERSHIP_TYPE = YES;
				CLANG_WARN_OBJC_IMPLICIT_ATOMIC_PROPERTIES = YES;
				CLANG_WARN_OBJC_IMPLICIT_RETAIN_SELF = YES;
				CLANG_WARN_OBJC_ROOT_CLASS = YES_ERROR;
				CLANG_WARN_UNREACHABLE_CODE = YES;
				CLANG_WARN__DUPLICATE_METHOD_MATCH = YES;
				COPY_PHASE_STRIP = YES;
				DEBUG_INFORMATION_FORMAT = "dwarf-with-dsym";
				ENABLE_NS_ASSERTIONS = NO;
				ENABLE_STRICT_OBJC_MSGSEND = YES;
				GCC_C_LANGUAGE_STANDARD = gnu99;
				GCC_NO_COMMON_BLOCKS = YES;
				GCC_TREAT_IMPLICIT_FUNCTION_DECLARATIONS_AS_ERRORS = YES;
				GCC_TREAT_INCOMPATIBLE_POINTER_TYPE_WARNINGS_AS_ERRORS = YES;
				GCC_TREAT_WARNINGS_AS_ERRORS = YES;
				GCC_WARN_64_TO_32_BIT_CONVERSION = YES;
				GCC_WARN_ABOUT_MISSING_NEWLINE = YES;
				GCC_WARN_ABOUT_RETURN_TYPE = YES_ERROR;
				GCC_WARN_INITIALIZER_NOT_FULLY_BRACKETED = YES;
				GCC_WARN_MISSING_PARENTHESES = YES;
				GCC_WARN_SHADOW = YES;
				GCC_WARN_UNDECLARED_SELECTOR = YES;
				GCC_WARN_UNINITIALIZED_AUTOS = YES_AGGRESSIVE;
				GCC_WARN_UNUSED_FUNCTION = YES;
				GCC_WARN_UNUSED_VARIABLE = YES;
				HEADER_SEARCH_PATHS = (
					"$(inherited)",
					/Applications/Xcode.app/Contents/Developer/Toolchains/XcodeDefault.xctoolchain/usr/include,
					"${SRCROOT}/",
				);
				IPHONEOS_DEPLOYMENT_TARGET = 6.0;
				MTL_ENABLE_DEBUG_INFO = NO;
				SDKROOT = iphoneos;
				VALIDATE_PRODUCT = YES;
			};
			name = AdHoc;
		};
		000D48761B29BA8400F0473D /* AdHoc */ = {
			isa = XCBuildConfiguration;
			baseConfigurationReference = 000D487A1B29BAA800F0473D /* AirBuildConfig.xcconfig */;
			buildSettings = {
				CLANG_STATIC_ANALYZER_MODE = deep;
				GCC_PRECOMPILE_PREFIX_HEADER = YES;
				PRODUCT_NAME = "$(TARGET_NAME)";
				SKIP_INSTALL = YES;
			};
			name = AdHoc;
		};
		000D48771B29BA8400F0473D /* AdHoc */ = {
			isa = XCBuildConfiguration;
			buildSettings = {
				"CODE_SIGN_IDENTITY[sdk=iphoneos*]" = "iPhone Developer";
				FRAMEWORK_SEARCH_PATHS = (
					"$(SDKROOT)/Developer/Library/Frameworks",
					"$(inherited)",
				);
				INFOPLIST_FILE = AirSettingsViewControllerTests/Info.plist;
				LD_RUNPATH_SEARCH_PATHS = "$(inherited) @executable_path/Frameworks @loader_path/Frameworks";
				PRODUCT_NAME = "$(TARGET_NAME)";
			};
			name = AdHoc;
		};
/* End XCBuildConfiguration section */

/* Begin XCConfigurationList section */
		000D484B1B29A65E00F0473D /* Build configuration list for PBXProject "AirSettingsViewController" */ = {
			isa = XCConfigurationList;
			buildConfigurations = (
				000D48621B29A65E00F0473D /* Debug */,
				000D48631B29A65E00F0473D /* AppStore */,
				000D48751B29BA8400F0473D /* AdHoc */,
			);
			defaultConfigurationIsVisible = 0;
			defaultConfigurationName = AppStore;
		};
		000D48641B29A65E00F0473D /* Build configuration list for PBXNativeTarget "AirSettingsViewController" */ = {
			isa = XCConfigurationList;
			buildConfigurations = (
				000D48651B29A65E00F0473D /* Debug */,
				000D48661B29A65E00F0473D /* AppStore */,
				000D48761B29BA8400F0473D /* AdHoc */,
			);
			defaultConfigurationIsVisible = 0;
			defaultConfigurationName = AppStore;
		};
		000D48671B29A65E00F0473D /* Build configuration list for PBXNativeTarget "AirSettingsViewControllerTests" */ = {
			isa = XCConfigurationList;
			buildConfigurations = (
				000D48681B29A65E00F0473D /* Debug */,
				000D48691B29A65E00F0473D /* AppStore */,
				000D48771B29BA8400F0473D /* AdHoc */,
			);
			defaultConfigurationIsVisible = 0;
			defaultConfigurationName = AppStore;
		};
/* End XCConfigurationList section */
	};
	rootObject = 000D48481B29A65E00F0473D /* Project object */;
}
